
Microsoft Visual Studio Solution File, Format Version 12.00
# Visual Studio Version 17
VisualStudioVersion = 17.0.31903.59
MinimumVisualStudioVersion = 10.0.40219.1
Project("{FAE04EC0-301F-11D3-BF4B-00C04F79EFBC}") = "RealEstateCompany.DAL", "RealEstateCompany.DAL\RealEstateCompany.DAL.csproj", "{CAAB9E5C-021B-43C7-9B16-663CB592E72C}"
EndProject
Project("{FAE04EC0-301F-11D3-BF4B-00C04F79EFBC}") = "RealEstateCompany.BLL", "RealEstateCompany.BLL\RealEstateCompany.BLL.csproj", "{C5F5FA0E-406B-4654-B8AA-FC0A3208BC6F}"
EndProject
Project("{FAE04EC0-301F-11D3-BF4B-00C04F79EFBC}") = "RealEstateCompany.PL", "RealEstateCompany.PL\RealEstateCompany.PL.csproj", "{3F5A0EB0-87D3-4360-85AA-E0F2F70683DB}"
EndProject
Project("{FAE04EC0-301F-11D3-BF4B-00C04F79EFBC}") = "RealEstateCompany.Tests", "RealEstateCompany.Tests\RealEstateCompany.Tests.csproj", "{2C8771C1-E350-4D52-A002-8D7B3BCEE18D}"
EndProject
Global
	GlobalSection(SolutionConfigurationPlatforms) = preSolution
		Debug|Any CPU = Debug|Any CPU
		Debug|x64 = Debug|x64
		Debug|x86 = Debug|x86
		Release|Any CPU = Release|Any CPU
		Release|x64 = Release|x64
		Release|x86 = Release|x86
	EndGlobalSection
	GlobalSection(ProjectConfigurationPlatforms) = postSolution
		{CAAB9E5C-021B-43C7-9B16-663CB592E72C}.Debug|Any CPU.ActiveCfg = Debug|Any CPU
		{CAAB9E5C-021B-43C7-9B16-663CB592E72C}.Debug|Any CPU.Build.0 = Debug|Any CPU
		{CAAB9E5C-021B-43C7-9B16-663CB592E72C}.Debug|x64.ActiveCfg = Debug|Any CPU
		{CAAB9E5C-021B-43C7-9B16-663CB592E72C}.Debug|x64.Build.0 = Debug|Any CPU
		{CAAB9E5C-021B-43C7-9B16-663CB592E72C}.Debug|x86.ActiveCfg = Debug|Any CPU
		{CAAB9E5C-021B-43C7-9B16-663CB592E72C}.Debug|x86.Build.0 = Debug|Any CPU
		{CAAB9E5C-021B-43C7-9B16-663CB592E72C}.Release|Any CPU.ActiveCfg = Release|Any CPU
		{CAAB9E5C-021B-43C7-9B16-663CB592E72C}.Release|Any CPU.Build.0 = Release|Any CPU
		{CAAB9E5C-021B-43C7-9B16-663CB592E72C}.Release|x64.ActiveCfg = Release|Any CPU
		{CAAB9E5C-021B-43C7-9B16-663CB592E72C}.Release|x64.Build.0 = Release|Any CPU
		{CAAB9E5C-021B-43C7-9B16-663CB592E72C}.Release|x86.ActiveCfg = Release|Any CPU
		{CAAB9E5C-021B-43C7-9B16-663CB592E72C}.Release|x86.Build.0 = Release|Any CPU
		{C5F5FA0E-406B-4654-B8AA-FC0A3208BC6F}.Debug|Any CPU.ActiveCfg = Debug|Any CPU
		{C5F5FA0E-406B-4654-B8AA-FC0A3208BC6F}.Debug|Any CPU.Build.0 = Debug|Any CPU
		{C5F5FA0E-406B-4654-B8AA-FC0A3208BC6F}.Debug|x64.ActiveCfg = Debug|Any CPU
		{C5F5FA0E-406B-4654-B8AA-FC0A3208BC6F}.Debug|x64.Build.0 = Debug|Any CPU
		{C5F5FA0E-406B-4654-B8AA-FC0A3208BC6F}.Debug|x86.ActiveCfg = Debug|Any CPU
		{C5F5FA0E-406B-4654-B8AA-FC0A3208BC6F}.Debug|x86.Build.0 = Debug|Any CPU
		{C5F5FA0E-406B-4654-B8AA-FC0A3208BC6F}.Release|Any CPU.ActiveCfg = Release|Any CPU
		{C5F5FA0E-406B-4654-B8AA-FC0A3208BC6F}.Release|Any CPU.Build.0 = Release|Any CPU
		{C5F5FA0E-406B-4654-B8AA-FC0A3208BC6F}.Release|x64.ActiveCfg = Release|Any CPU
		{C5F5FA0E-406B-4654-B8AA-FC0A3208BC6F}.Release|x64.Build.0 = Release|Any CPU
		{C5F5FA0E-406B-4654-B8AA-FC0A3208BC6F}.Release|x86.ActiveCfg = Release|Any CPU
		{C5F5FA0E-406B-4654-B8AA-FC0A3208BC6F}.Release|x86.Build.0 = Release|Any CPU
		{3F5A0EB0-87D3-4360-85AA-E0F2F70683DB}.Debug|Any CPU.ActiveCfg = Debug|Any CPU
		{3F5A0EB0-87D3-4360-85AA-E0F2F70683DB}.Debug|Any CPU.Build.0 = Debug|Any CPU
		{3F5A0EB0-87D3-4360-85AA-E0F2F70683DB}.Debug|x64.ActiveCfg = Debug|Any CPU
		{3F5A0EB0-87D3-4360-85AA-E0F2F70683DB}.Debug|x64.Build.0 = Debug|Any CPU
		{3F5A0EB0-87D3-4360-85AA-E0F2F70683DB}.Debug|x86.ActiveCfg = Debug|Any CPU
		{3F5A0EB0-87D3-4360-85AA-E0F2F70683DB}.Debug|x86.Build.0 = Debug|Any CPU
		{3F5A0EB0-87D3-4360-85AA-E0F2F70683DB}.Release|Any CPU.ActiveCfg = Release|Any CPU
		{3F5A0EB0-87D3-4360-85AA-E0F2F70683DB}.Release|Any CPU.Build.0 = Release|Any CPU
		{3F5A0EB0-87D3-4360-85AA-E0F2F70683DB}.Release|x64.ActiveCfg = Release|Any CPU
		{3F5A0EB0-87D3-4360-85AA-E0F2F70683DB}.Release|x64.Build.0 = Release|Any CPU
		{3F5A0EB0-87D3-4360-85AA-E0F2F70683DB}.Release|x86.ActiveCfg = Release|Any CPU
		{3F5A0EB0-87D3-4360-85AA-E0F2F70683DB}.Release|x86.Build.0 = Release|Any CPU
		{2C8771C1-E350-4D52-A002-8D7B3BCEE18D}.Debug|Any CPU.ActiveCfg = Debug|Any CPU
		{2C8771C1-E350-4D52-A002-8D7B3BCEE18D}.Debug|Any CPU.Build.0 = Debug|Any CPU
		{2C8771C1-E350-4D52-A002-8D7B3BCEE18D}.Debug|x64.ActiveCfg = Debug|Any CPU
		{2C8771C1-E350-4D52-A002-8D7B3BCEE18D}.Debug|x64.Build.0 = Debug|Any CPU
		{2C8771C1-E350-4D52-A002-8D7B3BCEE18D}.Debug|x86.ActiveCfg = Debug|Any CPU
		{2C8771C1-E350-4D52-A002-8D7B3BCEE18D}.Debug|x86.Build.0 = Debug|Any CPU
		{2C8771C1-E350-4D52-A002-8D7B3BCEE18D}.Release|Any CPU.ActiveCfg = Release|Any CPU
		{2C8771C1-E350-4D52-A002-8D7B3BCEE18D}.Release|Any CPU.Build.0 = Release|Any CPU
		{2C8771C1-E350-4D52-A002-8D7B3BCEE18D}.Release|x64.ActiveCfg = Release|Any CPU
		{2C8771C1-E350-4D52-A002-8D7B3BCEE18D}.Release|x64.Build.0 = Release|Any CPU
		{2C8771C1-E350-4D52-A002-8D7B3BCEE18D}.Release|x86.ActiveCfg = Release|Any CPU
		{2C8771C1-E350-4D52-A002-8D7B3BCEE18D}.Release|x86.Build.0 = Release|Any CPU
	EndGlobalSection
	GlobalSection(SolutionProperties) = preSolution
		HideSolutionNode = FALSE
	EndGlobalSection
EndGlobal
